<?xml version="1.0" encoding="utf-8"?>
<Project ToolsVersion="4.0" xmlns="http://schemas.microsoft.com/developer/msbuild/2003">
  <ItemGroup>
    <Filter Include="Eren">
      <UniqueIdentifier>{0FD8847C-FB0E-860D-A4FB-6B109011020F}</UniqueIdentifier>
    </Filter>
  </ItemGroup>
  <ItemGroup>
    <ClInclude Include="src\Eren.h" />
    <ClInclude Include="src\Eren\Application.h">
      <Filter>Eren</Filter>
    </ClInclude>
    <ClInclude Include="src\Eren\Core.h">
      <Filter>Eren</Filter>
    </ClInclude>
    <ClInclude Include="src\Eren\EntryPoint.h">
      <Filter>Eren</Filter>
    </ClInclude>
    <ClInclude Include="src\Eren\Log.h">
      <Filter>Eren</Filter>
    </ClInclude>
  </ItemGroup>
  <ItemGroup>
    <ClCompile Include="src\Eren\Application.cpp">
      <Filter>Eren</Filter>
    </ClCompile>
    <ClCompile Include="src\Eren\Log.cpp">
      <Filter>Eren</Filter>
    </ClCompile>
  </ItemGroup>
</Project>